
Microsoft Visual Studio Solution File, Format Version 12.00
# Visual Studio 15
Project("{FAE04EC0-301F-11D3-BF4B-00C04F79EFBC}") = "TipCalculator", "TipCalculator\TipCalculator.csproj", "{594CED7F-D4A4-438A-854B-09527385ADC2}"
EndProject
Global
	GlobalSection(SolutionConfigurationPlatforms) = preSolution
		Debug|iPhoneSimulator = Debug|iPhoneSimulator
		Release|iPhoneSimulator = Release|iPhoneSimulator
		Debug|iPhone = Debug|iPhone
		Release|iPhone = Release|iPhone
	EndGlobalSection
	GlobalSection(ProjectConfigurationPlatforms) = postSolution
		{594CED7F-D4A4-438A-854B-09527385ADC2}.Debug|iPhoneSimulator.ActiveCfg = Debug|iPhoneSimulator
		{594CED7F-D4A4-438A-854B-09527385ADC2}.Debug|iPhoneSimulator.Build.0 = Debug|iPhoneSimulator
		{594CED7F-D4A4-438A-854B-09527385ADC2}.Release|iPhoneSimulator.ActiveCfg = Release|iPhoneSimulator
		{594CED7F-D4A4-438A-854B-09527385ADC2}.Release|iPhoneSimulator.Build.0 = Release|iPhoneSimulator
		{594CED7F-D4A4-438A-854B-09527385ADC2}.Debug|iPhone.ActiveCfg = Debug|iPhone
		{594CED7F-D4A4-438A-854B-09527385ADC2}.Debug|iPhone.Build.0 = Debug|iPhone
		{594CED7F-D4A4-438A-854B-09527385ADC2}.Release|iPhone.ActiveCfg = Release|iPhone
		{594CED7F-D4A4-438A-854B-09527385ADC2}.Release|iPhone.Build.0 = Release|iPhone
	EndGlobalSection
EndGlobal
